dependencies:
- name: gitea
  repository: https://charts.bitnami.com/bitnami
  version: 1.0.6
- name: redis
  repository: https://charts.bitnami.com/bitnami
  version: 18.2.0
- name: flex-smtpd
  repository: https://helm-repo.highcanfly.club
  version: 0.1.6
digest: sha256:6c1d0d027a380ea3720742616b17ade1dfc5afc075dad38bcdf13b89357daced
generated: "2024-01-29T08:29:49.174143+01:00"
